// !$*UTF8*$!
{
	archiveVersion = 1;
	classes = {
	};
	objectVersion = 46;
	objects = {

/* Begin PBXBuildFile section */
		F4B352A816ED0C4E00E27357 /* UIKit.framework in Frameworks */ = {isa = PBXBuildFile; fileRef = F4B352A716ED0C4E00E27357 /* UIKit.framework */; };
		F4B352AA16ED0C4E00E27357 /* Foundation.framework in Frameworks */ = {isa = PBXBuildFile; fileRef = F4B352A916ED0C4E00E27357 /* Foundation.framework */; };
		F4B352AC16ED0C4E00E27357 /* CoreGraphics.framework in Frameworks */ = {isa = PBXBuildFile; fileRef = F4B352AB16ED0C4E00E27357 /* CoreGraphics.framework */; };
		F4B352B216ED0C4E00E27357 /* InfoPlist.strings in Resources */ = {isa = PBXBuildFile; fileRef = F4B352B016ED0C4E00E27357 /* InfoPlist.strings */; };
		F4B352B416ED0C4E00E27357 /* main.m in Sources */ = {isa = PBXBuildFile; fileRef = F4B352B316ED0C4E00E27357 /* main.m */; };
		F4B352B816ED0C4E00E27357 /* CardGameAppDelegate.m in Sources */ = {isa = PBXBuildFile; fileRef = F4B352B716ED0C4E00E27357 /* CardGameAppDelegate.m */; };
		F4B352BA16ED0C4E00E27357 /* Default.png in Resources */ = {isa = PBXBuildFile; fileRef = F4B352B916ED0C4E00E27357 /* Default.png */; };
		F4B352BC16ED0C4E00E27357 /* Default@2x.png in Resources */ = {isa = PBXBuildFile; fileRef = F4B352BB16ED0C4E00E27357 /* Default@2x.png */; };
		F4B352BE16ED0C4E00E27357 /* Default-568h@2x.png in Resources */ = {isa = PBXBuildFile; fileRef = F4B352BD16ED0C4E00E27357 /* Default-568h@2x.png */; };
		F4B352C116ED0C4E00E27357 /* MainStoryboard.storyboard in Resources */ = {isa = PBXBuildFile; fileRef = F4B352BF16ED0C4E00E27357 /* MainStoryboard.storyboard */; };
		F4B352C416ED0C4E00E27357 /* CardGameViewController.m in Sources */ = {isa = PBXBuildFile; fileRef = F4B352C316ED0C4E00E27357 /* CardGameViewController.m */; };
		F4B352CC16ED3BF700E27357 /* Card.m in Sources */ = {isa = PBXBuildFile; fileRef = F4B352CB16ED3BF700E27357 /* Card.m */; };
		F4B352D016ED3C9000E27357 /* Deck.m in Sources */ = {isa = PBXBuildFile; fileRef = F4B352CF16ED3C9000E27357 /* Deck.m */; };
		F4B352D316ED3CE400E27357 /* PlayingCard.m in Sources */ = {isa = PBXBuildFile; fileRef = F4B352D216ED3CE400E27357 /* PlayingCard.m */; };
		F4B352D616ED3D0300E27357 /* PlayingCardDeck.m in Sources */ = {isa = PBXBuildFile; fileRef = F4B352D516ED3D0300E27357 /* PlayingCardDeck.m */; };
/* End PBXBuildFile section */

/* Begin PBXFileReference section */
		F4B352A416ED0C4E00E27357 /* Matchismo.app */ = {isa = PBXFileReference; explicitFileType = wrapper.application; includeInIndex = 0; path = Matchismo.app; sourceTree = BUILT_PRODUCTS_DIR; };
		F4B352A716ED0C4E00E27357 /* UIKit.framework */ = {isa = PBXFileReference; lastKnownFileType = wrapper.framework; name = UIKit.framework; path = System/Library/Frameworks/UIKit.framework; sourceTree = SDKROOT; };
		F4B352A916ED0C4E00E27357 /* Foundation.framework */ = {isa = PBXFileReference; lastKnownFileType = wrapper.framework; name = Foundation.framework; path = System/Library/Frameworks/Foundation.framework; sourceTree = SDKROOT; };
		F4B352AB16ED0C4E00E27357 /* CoreGraphics.framework */ = {isa = PBXFileReference; lastKnownFileType = wrapper.framework; name = CoreGraphics.framework; path = System/Library/Frameworks/CoreGraphics.framework; sourceTree = SDKROOT; };
		F4B352AF16ED0C4E00E27357 /* Matchismo-Info.plist */ = {isa = PBXFileReference; lastKnownFileType = text.plist.xml; path = "Matchismo-Info.plist"; sourceTree = "<group>"; };
		F4B352B116ED0C4E00E27357 /* en */ = {isa = PBXFileReference; lastKnownFileType = text.plist.strings; name = en; path = en.lproj/InfoPlist.strings; sourceTree = "<group>"; };
		F4B352B316ED0C4E00E27357 /* main.m */ = {isa = PBXFileReference; lastKnownFileType = sourcecode.c.objc; path = main.m; sourceTree = "<group>"; };
		F4B352B516ED0C4E00E27357 /* Matchismo-Prefix.pch */ = {isa = PBXFileReference; lastKnownFileType = sourcecode.c.h; path = "Matchismo-Prefix.pch"; sourceTree = "<group>"; };
		F4B352B616ED0C4E00E27357 /* CardGameAppDelegate.h */ = {isa = PBXFileReference; lastKnownFileType = sourcecode.c.h; path = CardGameAppDelegate.h; sourceTree = "<group>"; };
		F4B352B716ED0C4E00E27357 /* CardGameAppDelegate.m */ = {isa = PBXFileReference; lastKnownFileType = sourcecode.c.objc; path = CardGameAppDelegate.m; sourceTree = "<group>"; };
		F4B352B916ED0C4E00E27357 /* Default.png */ = {isa = PBXFileReference; lastKnownFileType = image.png; path = Default.png; sourceTree = "<group>"; };
		F4B352BB16ED0C4E00E27357 /* Default@2x.png */ = {isa = PBXFileReference; lastKnownFileType = image.png; path = "Default@2x.png"; sourceTree = "<group>"; };
		F4B352BD16ED0C4E00E27357 /* Default-568h@2x.png */ = {isa = PBXFileReference; lastKnownFileType = image.png; path = "Default-568h@2x.png"; sourceTree = "<group>"; };
		F4B352C016ED0C4E00E27357 /* en */ = {isa = PBXFileReference; lastKnownFileType = file.storyboard; name = en; path = en.lproj/MainStoryboard.storyboard; sourceTree = "<group>"; };
		F4B352C216ED0C4E00E27357 /* CardGameViewController.h */ = {isa = PBXFileReference; lastKnownFileType = sourcecode.c.h; path = CardGameViewController.h; sourceTree = "<group>"; };
		F4B352C316ED0C4E00E27357 /* CardGameViewController.m */ = {isa = PBXFileReference; lastKnownFileType = sourcecode.c.objc; path = CardGameViewController.m; sourceTree = "<group>"; };
		F4B352CA16ED3BF700E27357 /* Card.h */ = {isa = PBXFileReference; fileEncoding = 4; lastKnownFileType = sourcecode.c.h; name = Card.h; path = Model/Card.h; sourceTree = "<group>"; };
		F4B352CB16ED3BF700E27357 /* Card.m */ = {isa = PBXFileReference; fileEncoding = 4; lastKnownFileType = sourcecode.c.objc; name = Card.m; path = Model/Card.m; sourceTree = "<group>"; };
		F4B352CE16ED3C9000E27357 /* Deck.h */ = {isa = PBXFileReference; fileEncoding = 4; lastKnownFileType = sourcecode.c.h; name = Deck.h; path = Model/Deck.h; sourceTree = "<group>"; };
		F4B352CF16ED3C9000E27357 /* Deck.m */ = {isa = PBXFileReference; fileEncoding = 4; lastKnownFileType = sourcecode.c.objc; name = Deck.m; path = Model/Deck.m; sourceTree = "<group>"; };
		F4B352D116ED3CE400E27357 /* PlayingCard.h */ = {isa = PBXFileReference; fileEncoding = 4; lastKnownFileType = sourcecode.c.h; name = PlayingCard.h; path = Model/PlayingCard.h; sourceTree = "<group>"; };
		F4B352D216ED3CE400E27357 /* PlayingCard.m */ = {isa = PBXFileReference; fileEncoding = 4; lastKnownFileType = sourcecode.c.objc; name = PlayingCard.m; path = Model/PlayingCard.m; sourceTree = "<group>"; };
		F4B352D416ED3D0300E27357 /* PlayingCardDeck.h */ = {isa = PBXFileReference; fileEncoding = 4; lastKnownFileType = sourcecode.c.h; name = PlayingCardDeck.h; path = Model/PlayingCardDeck.h; sourceTree = "<group>"; };
		F4B352D516ED3D0300E27357 /* PlayingCardDeck.m */ = {isa = PBXFileReference; fileEncoding = 4; lastKnownFileType = sourcecode.c.objc; name = PlayingCardDeck.m; path = Model/PlayingCardDeck.m; sourceTree = "<group>"; };
/* End PBXFileReference section */

/* Begin PBXFrameworksBuildPhase section */
		F4B352A116ED0C4E00E27357 /* Frameworks */ = {
			isa = PBXFrameworksBuildPhase;
			buildActionMask = 2147483647;
			files = (
				F4B352A816ED0C4E00E27357 /* UIKit.framework in Frameworks */,
				F4B352AA16ED0C4E00E27357 /* Foundation.framework in Frameworks */,
				F4B352AC16ED0C4E00E27357 /* CoreGraphics.framework in Frameworks */,
			);
			runOnlyForDeploymentPostprocessing = 0;
		};
/* End PBXFrameworksBuildPhase section */

/* Begin PBXGroup section */
		F4B3529B16ED0C4E00E27357 = {
			isa = PBXGroup;
			children = (
				F4B352AD16ED0C4E00E27357 /* Matchismo */,
				F4B352A616ED0C4E00E27357 /* Frameworks */,
				F4B352A516ED0C4E00E27357 /* Products */,
			);
			sourceTree = "<group>";
		};
		F4B352A516ED0C4E00E27357 /* Products */ = {
			isa = PBXGroup;
			children = (
				F4B352A416ED0C4E00E27357 /* Matchismo.app */,
			);
			name = Products;
			sourceTree = "<group>";
		};
		F4B352A616ED0C4E00E27357 /* Frameworks */ = {
			isa = PBXGroup;
			children = (
				F4B352A716ED0C4E00E27357 /* UIKit.framework */,
				F4B352A916ED0C4E00E27357 /* Foundation.framework */,
				F4B352AB16ED0C4E00E27357 /* CoreGraphics.framework */,
			);
			name = Frameworks;
			sourceTree = "<group>";
		};
		F4B352AD16ED0C4E00E27357 /* Matchismo */ = {
			isa = PBXGroup;
			children = (
				F4B352B616ED0C4E00E27357 /* CardGameAppDelegate.h */,
				F4B352B716ED0C4E00E27357 /* CardGameAppDelegate.m */,
				F4B352BF16ED0C4E00E27357 /* MainStoryboard.storyboard */,
				F4B352CD16ED3C5400E27357 /* Model */,
				F4B352C216ED0C4E00E27357 /* CardGameViewController.h */,
				F4B352C316ED0C4E00E27357 /* CardGameViewController.m */,
				F4B352AE16ED0C4E00E27357 /* Supporting Files */,
			);
			path = Matchismo;
			sourceTree = "<group>";
		};
		F4B352AE16ED0C4E00E27357 /* Supporting Files */ = {
			isa = PBXGroup;
			children = (
				F4B352AF16ED0C4E00E27357 /* Matchismo-Info.plist */,
				F4B352B016ED0C4E00E27357 /* InfoPlist.strings */,
				F4B352B316ED0C4E00E27357 /* main.m */,
				F4B352B516ED0C4E00E27357 /* Matchismo-Prefix.pch */,
				F4B352B916ED0C4E00E27357 /* Default.png */,
				F4B352BB16ED0C4E00E27357 /* Default@2x.png */,
				F4B352BD16ED0C4E00E27357 /* Default-568h@2x.png */,
			);
			name = "Supporting Files";
			sourceTree = "<group>";
		};
		F4B352CD16ED3C5400E27357 /* Model */ = {
			isa = PBXGroup;
			children = (
				F4B352CA16ED3BF700E27357 /* Card.h */,
				F4B352CB16ED3BF700E27357 /* Card.m */,
				F4B352CE16ED3C9000E27357 /* Deck.h */,
				F4B352CF16ED3C9000E27357 /* Deck.m */,
				F4B352D116ED3CE400E27357 /* PlayingCard.h */,
				F4B352D216ED3CE400E27357 /* PlayingCard.m */,
				F4B352D416ED3D0300E27357 /* PlayingCardDeck.h */,
				F4B352D516ED3D0300E27357 /* PlayingCardDeck.m */,
			);
			name = Model;
			sourceTree = "<group>";
		};
/* End PBXGroup section */

/* Begin PBXNativeTarget section */
		F4B352A316ED0C4E00E27357 /* Matchismo */ = {
			isa = PBXNativeTarget;
			buildConfigurationList = F4B352C716ED0C4E00E27357 /* Build configuration list for PBXNativeTarget "Matchismo" */;
			buildPhases = (
				F4B352A016ED0C4E00E27357 /* Sources */,
				F4B352A116ED0C4E00E27357 /* Frameworks */,
				F4B352A216ED0C4E00E27357 /* Resources */,
			);
			buildRules = (
			);
			dependencies = (
			);
			name = Matchismo;
			productName = Matchismo;
			productReference = F4B352A416ED0C4E00E27357 /* Matchismo.app */;
			productType = "com.apple.product-type.application";
		};
/* End PBXNativeTarget section */

/* Begin PBXProject section */
		F4B3529C16ED0C4E00E27357 /* Project object */ = {
			isa = PBXProject;
			attributes = {
				CLASSPREFIX = CardGame;
				LastUpgradeCheck = 0460;
				ORGANIZATIONNAME = "R Ménagé";
			};
			buildConfigurationList = F4B3529F16ED0C4E00E27357 /* Build configuration list for PBXProject "Matchismo" */;
			compatibilityVersion = "Xcode 3.2";
			developmentRegion = English;
			hasScannedForEncodings = 0;
			knownRegions = (
				en,
			);
			mainGroup = F4B3529B16ED0C4E00E27357;
			productRefGroup = F4B352A516ED0C4E00E27357 /* Products */;
			projectDirPath = "";
			projectRoot = "";
			targets = (
				F4B352A316ED0C4E00E27357 /* Matchismo */,
			);
		};
/* End PBXProject section */

/* Begin PBXResourcesBuildPhase section */
		F4B352A216ED0C4E00E27357 /* Resources */ = {
			isa = PBXResourcesBuildPhase;
			buildActionMask = 2147483647;
			files = (
				F4B352B216ED0C4E00E27357 /* InfoPlist.strings in Resources */,
				F4B352BA16ED0C4E00E27357 /* Default.png in Resources */,
				F4B352BC16ED0C4E00E27357 /* Default@2x.png in Resources */,
				F4B352BE16ED0C4E00E27357 /* Default-568h@2x.png in Resources */,
				F4B352C116ED0C4E00E27357 /* MainStoryboard.storyboard in Resources */,
			);
			runOnlyForDeploymentPostprocessing = 0;
		};
/* End PBXResourcesBuildPhase section */

/* Begin PBXSourcesBuildPhase section */
		F4B352A016ED0C4E00E27357 /* Sources */ = {
			isa = PBXSourcesBuildPhase;
			buildActionMask = 2147483647;
			files = (
				F4B352B416ED0C4E00E27357 /* main.m in Sources */,
				F4B352B816ED0C4E00E27357 /* CardGameAppDelegate.m in Sources */,
				F4B352C416ED0C4E00E27357 /* CardGameViewController.m in Sources */,
				F4B352CC16ED3BF700E27357 /* Card.m in Sources */,
				F4B352D016ED3C9000E27357 /* Deck.m in Sources */,
				F4B352D316ED3CE400E27357 /* PlayingCard.m in Sources */,
				F4B352D616ED3D0300E27357 /* PlayingCardDeck.m in Sources */,
			);
			runOnlyForDeploymentPostprocessing = 0;
		};
/* End PBXSourcesBuildPhase section */

/* Begin PBXVariantGroup section */
		F4B352B016ED0C4E00E27357 /* InfoPlist.strings */ = {
			isa = PBXVariantGroup;
			children = (
				F4B352B116ED0C4E00E27357 /* en */,
			);
			name = InfoPlist.strings;
			sourceTree = "<group>";
		};
		F4B352BF16ED0C4E00E27357 /* MainStoryboard.storyboard */ = {
			isa = PBXVariantGroup;
			children = (
				F4B352C016ED0C4E00E27357 /* en */,
			);
			name = MainStoryboard.storyboard;
			sourceTree = "<group>";
		};
/* End PBXVariantGroup section */

/* Begin XCBuildConfiguration section */
		F4B352C516ED0C4E00E27357 /* Debug */ = {
			isa = XCBuildConfiguration;
			buildSettings = {
				ALWAYS_SEARCH_USER_PATHS = NO;
				CLANG_CXX_LANGUAGE_STANDARD = "gnu++0x";
				CLANG_CXX_LIBRARY = "libc++";
				CLANG_ENABLE_OBJC_ARC = YES;
				CLANG_WARN_CONSTANT_CONVERSION = YES;
				CLANG_WARN_EMPTY_BODY = YES;
				CLANG_WARN_ENUM_CONVERSION = YES;
				CLANG_WARN_INT_CONVERSION = YES;
				CLANG_WARN__DUPLICATE_METHOD_MATCH = YES;
				CODE_SIGN_IDENTITY = "iPhone Developer: rija MENAGE (X2P7ZA7RX3)";
				"CODE_SIGN_IDENTITY[sdk=iphoneos*]" = "iPhone Developer";
				COPY_PHASE_STRIP = NO;
				GCC_C_LANGUAGE_STANDARD = gnu99;
				GCC_DYNAMIC_NO_PIC = NO;
				GCC_OPTIMIZATION_LEVEL = 0;
				GCC_PREPROCESSOR_DEFINITIONS = (
					"DEBUG=1",
					"$(inherited)",
				);
				GCC_SYMBOLS_PRIVATE_EXTERN = NO;
				GCC_WARN_ABOUT_RETURN_TYPE = YES;
				GCC_WARN_UNINITIALIZED_AUTOS = YES;
				GCC_WARN_UNUSED_VARIABLE = YES;
				IPHONEOS_DEPLOYMENT_TARGET = 6.1;
				ONLY_ACTIVE_ARCH = YES;
				PROVISIONING_PROFILE = "1AD9B26E-2664-4082-AB9B-7BE7A6F00612";
				SDKROOT = iphoneos;
			};
			name = Debug;
		};
		F4B352C616ED0C4E00E27357 /* Release */ = {
			isa = XCBuildConfiguration;
			buildSettings = {
				ALWAYS_SEARCH_USER_PATHS = NO;
				CLANG_CXX_LANGUAGE_STANDARD = "gnu++0x";
				CLANG_CXX_LIBRARY = "libc++";
				CLANG_ENABLE_OBJC_ARC = YES;
				CLANG_WARN_CONSTANT_CONVERSION = YES;
				CLANG_WARN_EMPTY_BODY = YES;
				CLANG_WARN_ENUM_CONVERSION = YES;
				CLANG_WARN_INT_CONVERSION = YES;
				CLANG_WARN__DUPLICATE_METHOD_MATCH = YES;
				CODE_SIGN_IDENTITY = "iPhone Developer: rija MENAGE (X2P7ZA7RX3)";
				"CODE_SIGN_IDENTITY[sdk=iphoneos*]" = "iPhone Developer";
				COPY_PHASE_STRIP = YES;
				GCC_C_LANGUAGE_STANDARD = gnu99;
				GCC_WARN_ABOUT_RETURN_TYPE = YES;
				GCC_WARN_UNINITIALIZED_AUTOS = YES;
				GCC_WARN_UNUSED_VARIABLE = YES;
				IPHONEOS_DEPLOYMENT_TARGET = 6.1;
				OTHER_CFLAGS = "-DNS_BLOCK_ASSERTIONS=1";
				PROVISIONING_PROFILE = "1AD9B26E-2664-4082-AB9B-7BE7A6F00612";
				SDKROOT = iphoneos;
				VALIDATE_PRODUCT = YES;
			};
			name = Release;
		};
		F4B352C816ED0C4E00E27357 /* Debug */ = {
			isa = XCBuildConfiguration;
			buildSettings = {
				GCC_PRECOMPILE_PREFIX_HEADER = YES;
				GCC_PREFIX_HEADER = "Matchismo/Matchismo-Prefix.pch";
				INFOPLIST_FILE = "Matchismo/Matchismo-Info.plist";
				PRODUCT_NAME = "$(TARGET_NAME)";
				WRAPPER_EXTENSION = app;
			};
			name = Debug;
		};
		F4B352C916ED0C4E00E27357 /* Release */ = {
			isa = XCBuildConfiguration;
			buildSettings = {
				GCC_PRECOMPILE_PREFIX_HEADER = YES;
				GCC_PREFIX_HEADER = "Matchismo/Matchismo-Prefix.pch";
				INFOPLIST_FILE = "Matchismo/Matchismo-Info.plist";
				PRODUCT_NAME = "$(TARGET_NAME)";
				WRAPPER_EXTENSION = app;
			};
			name = Release;
		};
/* End XCBuildConfiguration section */

/* Begin XCConfigurationList section */
		F4B3529F16ED0C4E00E27357 /* Build configuration list for PBXProject "Matchismo" */ = {
			isa = XCConfigurationList;
			buildConfigurations = (
				F4B352C516ED0C4E00E27357 /* Debug */,
				F4B352C616ED0C4E00E27357 /* Release */,
			);
			defaultConfigurationIsVisible = 0;
			defaultConfigurationName = Release;
		};
		F4B352C716ED0C4E00E27357 /* Build configuration list for PBXNativeTarget "Matchismo" */ = {
			isa = XCConfigurationList;
			buildConfigurations = (
				F4B352C816ED0C4E00E27357 /* Debug */,
				F4B352C916ED0C4E00E27357 /* Release */,
			);
			defaultConfigurationIsVisible = 0;
			defaultConfigurationName = Release;
		};
/* End XCConfigurationList section */
	};
	rootObject = F4B3529C16ED0C4E00E27357 /* Project object */;
}
